PODS:
  - SQLite.swift (0.12.2):
    - SQLite.swift/standard (= 0.12.2)
  - SQLite.swift/standard (0.12.2)
  - SwiftOverpassAPI (0.1.1)
  - Tangram-es (0.12.0)

DEPENDENCIES:
  - SQLite.swift
  - SwiftOverpassAPI (from `https://github.com/wtimme/SwiftOverpassAPI.git`, branch `feature/1-Add-support-for-meta-data`)
  - Tangram-es (~> 0.12.0)

SPEC REPOS:
  trunk:
    - SQLite.swift
    - Tangram-es

EXTERNAL SOURCES:
  SwiftOverpassAPI:
    :branch: feature/1-Add-support-for-meta-data
    :git: https://github.com/wtimme/SwiftOverpassAPI.git

CHECKOUT OPTIONS:
  SwiftOverpassAPI:
    :commit: 7c72387c6732c7c1d7757639a064b971d3748dc5
    :git: https://github.com/wtimme/SwiftOverpassAPI.git

SPEC CHECKSUMS:
  SQLite.swift: d2b4642190917051ce6bd1d49aab565fe794eea3
  SwiftOverpassAPI: 431ebc770f161cc72f03fccd9c267898e58a2698
  Tangram-es: 398024d49425e5eb3d860d33e5a4616753316ddd

PODFILE CHECKSUM: 2b01ea26ab228209b1bb9e65861aa4c77e325989

COCOAPODS: 1.9.1
