// !$*UTF8*$!
{
	archiveVersion = 1;
	classes = {
	};
	objectVersion = 50;
	objects = {

/* Begin PBXBuildFile section */
		6470E7B42427CE69009A6AAC /* AppDelegate.swift in Sources */ = {isa = PBXBuildFile; fileRef = 6470E7B32427CE69009A6AAC /* AppDelegate.swift */; };
		6470E7B62427CE69009A6AAC /* SceneDelegate.swift in Sources */ = {isa = PBXBuildFile; fileRef = 6470E7B52427CE69009A6AAC /* SceneDelegate.swift */; };
		6470E7B82427CE69009A6AAC /* ViewController.swift in Sources */ = {isa = PBXBuildFile; fileRef = 6470E7B72427CE69009A6AAC /* ViewController.swift */; };
		6470E7BB2427CE69009A6AAC /* Main.storyboard in Resources */ = {isa = PBXBuildFile; fileRef = 6470E7B92427CE69009A6AAC /* Main.storyboard */; };
		6470E7BD2427CE6A009A6AAC /* Assets.xcassets in Resources */ = {isa = PBXBuildFile; fileRef = 6470E7BC2427CE6A009A6AAC /* Assets.xcassets */; };
		6470E7C02427CE6A009A6AAC /* LaunchScreen.storyboard in Resources */ = {isa = PBXBuildFile; fileRef = 6470E7BE2427CE6A009A6AAC /* LaunchScreen.storyboard */; };
		6470E7CB2427CE6A009A6AAC /* OSMSurveyorTests.swift in Sources */ = {isa = PBXBuildFile; fileRef = 6470E7CA2427CE6A009A6AAC /* OSMSurveyorTests.swift */; };
/* End PBXBuildFile section */

/* Begin PBXContainerItemProxy section */
		6470E7C72427CE6A009A6AAC /* PBXContainerItemProxy */ = {
			isa = PBXContainerItemProxy;
			containerPortal = 6470E7A82427CE69009A6AAC /* Project object */;
			proxyType = 1;
			remoteGlobalIDString = 6470E7AF2427CE69009A6AAC;
			remoteInfo = OSMSurveyor;
		};
/* End PBXContainerItemProxy section */

/* Begin PBXFileReference section */
		6470E7B02427CE69009A6AAC /* OSMSurveyor.app */ = {isa = PBXFileReference; explicitFileType = wrapper.application; includeInIndex = 0; path = OSMSurveyor.app; sourceTree = BUILT_PRODUCTS_DIR; };
		6470E7B32427CE69009A6AAC /* AppDelegate.swift */ = {isa = PBXFileReference; lastKnownFileType = sourcecode.swift; path = AppDelegate.swift; sourceTree = "<group>"; };
		6470E7B52427CE69009A6AAC /* SceneDelegate.swift */ = {isa = PBXFileReference; lastKnownFileType = sourcecode.swift; path = SceneDelegate.swift; sourceTree = "<group>"; };
		6470E7B72427CE69009A6AAC /* ViewController.swift */ = {isa = PBXFileReference; lastKnownFileType = sourcecode.swift; path = ViewController.swift; sourceTree = "<group>"; };
		6470E7BA2427CE69009A6AAC /* Base */ = {isa = PBXFileReference; lastKnownFileType = file.storyboard; name = Base; path = Base.lproj/Main.storyboard; sourceTree = "<group>"; };
		6470E7BC2427CE6A009A6AAC /* Assets.xcassets */ = {isa = PBXFileReference; lastKnownFileType = folder.assetcatalog; path = Assets.xcassets; sourceTree = "<group>"; };
		6470E7BF2427CE6A009A6AAC /* Base */ = {isa = PBXFileReference; lastKnownFileType = file.storyboard; name = Base; path = Base.lproj/LaunchScreen.storyboard; sourceTree = "<group>"; };
		6470E7C12427CE6A009A6AAC /* Info.plist */ = {isa = PBXFileReference; lastKnownFileType = text.plist.xml; path = Info.plist; sourceTree = "<group>"; };
		6470E7C62427CE6A009A6AAC /* OSMSurveyorTests.xctest */ = {isa = PBXFileReference; explicitFileType = wrapper.cfbundle; includeInIndex = 0; path = OSMSurveyorTests.xctest; sourceTree = BUILT_PRODUCTS_DIR; };
		6470E7CA2427CE6A009A6AAC /* OSMSurveyorTests.swift */ = {isa = PBXFileReference; lastKnownFileType = sourcecode.swift; path = OSMSurveyorTests.swift; sourceTree = "<group>"; };
		6470E7CC2427CE6A009A6AAC /* Info.plist */ = {isa = PBXFileReference; lastKnownFileType = text.plist.xml; path = Info.plist; sourceTree = "<group>"; };
/* End PBXFileReference section */

/* Begin PBXFrameworksBuildPhase section */
		6470E7AD2427CE69009A6AAC /* Frameworks */ = {
			isa = PBXFrameworksBuildPhase;
			buildActionMask = 2147483647;
			files = (
			);
			runOnlyForDeploymentPostprocessing = 0;
		};
		6470E7C32427CE6A009A6AAC /* Frameworks */ = {
			isa = PBXFrameworksBuildPhase;
			buildActionMask = 2147483647;
			files = (
			);
			runOnlyForDeploymentPostprocessing = 0;
		};
/* End PBXFrameworksBuildPhase section */

/* Begin PBXGroup section */
		6470E7A72427CE69009A6AAC = {
			isa = PBXGroup;
			children = (
				6470E7B22427CE69009A6AAC /* OSMSurveyor */,
				6470E7C92427CE6A009A6AAC /* OSMSurveyorTests */,
				6470E7B12427CE69009A6AAC /* Products */,
			);
			sourceTree = "<group>";
		};
		6470E7B12427CE69009A6AAC /* Products */ = {
			isa = PBXGroup;
			children = (
				6470E7B02427CE69009A6AAC /* OSMSurveyor.app */,
				6470E7C62427CE6A009A6AAC /* OSMSurveyorTests.xctest */,
			);
			name = Products;
			sourceTree = "<group>";
		};
		6470E7B22427CE69009A6AAC /* OSMSurveyor */ = {
			isa = PBXGroup;
			children = (
				6470E7B32427CE69009A6AAC /* AppDelegate.swift */,
				6470E7B52427CE69009A6AAC /* SceneDelegate.swift */,
				6470E7B72427CE69009A6AAC /* ViewController.swift */,
				6470E7B92427CE69009A6AAC /* Main.storyboard */,
				6470E7BC2427CE6A009A6AAC /* Assets.xcassets */,
				6470E7BE2427CE6A009A6AAC /* LaunchScreen.storyboard */,
				6470E7C12427CE6A009A6AAC /* Info.plist */,
			);
			path = OSMSurveyor;
			sourceTree = "<group>";
		};
		6470E7C92427CE6A009A6AAC /* OSMSurveyorTests */ = {
			isa = PBXGroup;
			children = (
				6470E7CA2427CE6A009A6AAC /* OSMSurveyorTests.swift */,
				6470E7CC2427CE6A009A6AAC /* Info.plist */,
			);
			path = OSMSurveyorTests;
			sourceTree = "<group>";
		};
/* End PBXGroup section */

/* Begin PBXNativeTarget section */
		6470E7AF2427CE69009A6AAC /* OSMSurveyor */ = {
			isa = PBXNativeTarget;
			buildConfigurationList = 6470E7CF2427CE6A009A6AAC /* Build configuration list for PBXNativeTarget "OSMSurveyor" */;
			buildPhases = (
				6470E7AC2427CE69009A6AAC /* Sources */,
				6470E7AD2427CE69009A6AAC /* Frameworks */,
				6470E7AE2427CE69009A6AAC /* Resources */,
			);
			buildRules = (
			);
			dependencies = (
			);
			name = OSMSurveyor;
			productName = OSMSurveyor;
			productReference = 6470E7B02427CE69009A6AAC /* OSMSurveyor.app */;
			productType = "com.apple.product-type.application";
		};
		6470E7C52427CE6A009A6AAC /* OSMSurveyorTests */ = {
			isa = PBXNativeTarget;
			buildConfigurationList = 6470E7D22427CE6A009A6AAC /* Build configuration list for PBXNativeTarget "OSMSurveyorTests" */;
			buildPhases = (
				6470E7C22427CE6A009A6AAC /* Sources */,
				6470E7C32427CE6A009A6AAC /* Frameworks */,
				6470E7C42427CE6A009A6AAC /* Resources */,
			);
			buildRules = (
			);
			dependencies = (
				6470E7C82427CE6A009A6AAC /* PBXTargetDependency */,
			);
			name = OSMSurveyorTests;
			productName = OSMSurveyorTests;
			productReference = 6470E7C62427CE6A009A6AAC /* OSMSurveyorTests.xctest */;
			productType = "com.apple.product-type.bundle.unit-test";
		};
/* End PBXNativeTarget section */

/* Begin PBXProject section */
		6470E7A82427CE69009A6AAC /* Project object */ = {
			isa = PBXProject;
			attributes = {
				LastSwiftUpdateCheck = 1130;
				LastUpgradeCheck = 1130;
				ORGANIZATIONNAME = "Wolfgang Timme";
				TargetAttributes = {
					6470E7AF2427CE69009A6AAC = {
						CreatedOnToolsVersion = 11.3.1;
					};
					6470E7C52427CE6A009A6AAC = {
						CreatedOnToolsVersion = 11.3.1;
						TestTargetID = 6470E7AF2427CE69009A6AAC;
					};
				};
			};
			buildConfigurationList = 6470E7AB2427CE69009A6AAC /* Build configuration list for PBXProject "OSMSurveyor" */;
			compatibilityVersion = "Xcode 9.3";
			developmentRegion = en;
			hasScannedForEncodings = 0;
			knownRegions = (
				en,
				Base,
			);
			mainGroup = 6470E7A72427CE69009A6AAC;
			productRefGroup = 6470E7B12427CE69009A6AAC /* Products */;
			projectDirPath = "";
			projectRoot = "";
			targets = (
				6470E7AF2427CE69009A6AAC /* OSMSurveyor */,
				6470E7C52427CE6A009A6AAC /* OSMSurveyorTests */,
			);
		};
/* End PBXProject section */

/* Begin PBXResourcesBuildPhase section */
		6470E7AE2427CE69009A6AAC /* Resources */ = {
			isa = PBXResourcesBuildPhase;
			buildActionMask = 2147483647;
			files = (
				6470E7C02427CE6A009A6AAC /* LaunchScreen.storyboard in Resources */,
				6470E7BD2427CE6A009A6AAC /* Assets.xcassets in Resources */,
				6470E7BB2427CE69009A6AAC /* Main.storyboard in Resources */,
			);
			runOnlyForDeploymentPostprocessing = 0;
		};
		6470E7C42427CE6A009A6AAC /* Resources */ = {
			isa = PBXResourcesBuildPhase;
			buildActionMask = 2147483647;
			files = (
			);
			runOnlyForDeploymentPostprocessing = 0;
		};
/* End PBXResourcesBuildPhase section */

/* Begin PBXSourcesBuildPhase section */
		6470E7AC2427CE69009A6AAC /* Sources */ = {
			isa = PBXSourcesBuildPhase;
			buildActionMask = 2147483647;
			files = (
				6470E7B82427CE69009A6AAC /* ViewController.swift in Sources */,
				6470E7B42427CE69009A6AAC /* AppDelegate.swift in Sources */,
				6470E7B62427CE69009A6AAC /* SceneDelegate.swift in Sources */,
			);
			runOnlyForDeploymentPostprocessing = 0;
		};
		6470E7C22427CE6A009A6AAC /* Sources */ = {
			isa = PBXSourcesBuildPhase;
			buildActionMask = 2147483647;
			files = (
				6470E7CB2427CE6A009A6AAC /* OSMSurveyorTests.swift in Sources */,
			);
			runOnlyForDeploymentPostprocessing = 0;
		};
/* End PBXSourcesBuildPhase section */

/* Begin PBXTargetDependency section */
		6470E7C82427CE6A009A6AAC /* PBXTargetDependency */ = {
			isa = PBXTargetDependency;
			target = 6470E7AF2427CE69009A6AAC /* OSMSurveyor */;
			targetProxy = 6470E7C72427CE6A009A6AAC /* PBXContainerItemProxy */;
		};
/* End PBXTargetDependency section */

/* Begin PBXVariantGroup section */
		6470E7B92427CE69009A6AAC /* Main.storyboard */ = {
			isa = PBXVariantGroup;
			children = (
				6470E7BA2427CE69009A6AAC /* Base */,
			);
			name = Main.storyboard;
			sourceTree = "<group>";
		};
		6470E7BE2427CE6A009A6AAC /* LaunchScreen.storyboard */ = {
			isa = PBXVariantGroup;
			children = (
				6470E7BF2427CE6A009A6AAC /* Base */,
			);
			name = LaunchScreen.storyboard;
			sourceTree = "<group>";
		};
/* End PBXVariantGroup section */

/* Begin XCBuildConfiguration section */
		6470E7CD2427CE6A009A6AAC /* Debug */ = {
			isa = XCBuildConfiguration;
			buildSettings = {
				ALWAYS_SEARCH_USER_PATHS = NO;
				CLANG_ANALYZER_NONNULL = YES;
				CLANG_ANALYZER_NUMBER_OBJECT_CONVERSION = YES_AGGRESSIVE;
				CLANG_CXX_LANGUAGE_STANDARD = "gnu++14";
				CLANG_CXX_LIBRARY = "libc++";
				CLANG_ENABLE_MODULES = YES;
				CLANG_ENABLE_OBJC_ARC = YES;
				CLANG_ENABLE_OBJC_WEAK = YES;
				CLANG_WARN_BLOCK_CAPTURE_AUTORELEASING = YES;
				CLANG_WARN_BOOL_CONVERSION = YES;
				CLANG_WARN_COMMA = YES;
				CLANG_WARN_CONSTANT_CONVERSION = YES;
				CLANG_WARN_DEPRECATED_OBJC_IMPLEMENTATIONS = YES;
				CLANG_WARN_DIRECT_OBJC_ISA_USAGE = YES_ERROR;
				CLANG_WARN_DOCUMENTATION_COMMENTS = YES;
				CLANG_WARN_EMPTY_BODY = YES;
				CLANG_WARN_ENUM_CONVERSION = YES;
				CLANG_WARN_INFINITE_RECURSION = YES;
				CLANG_WARN_INT_CONVERSION = YES;
				CLANG_WARN_NON_LITERAL_NULL_CONVERSION = YES;
				CLANG_WARN_OBJC_IMPLICIT_RETAIN_SELF = YES;
				CLANG_WARN_OBJC_LITERAL_CONVERSION = YES;
				CLANG_WARN_OBJC_ROOT_CLASS = YES_ERROR;
				CLANG_WARN_RANGE_LOOP_ANALYSIS = YES;
				CLANG_WARN_STRICT_PROTOTYPES = YES;
				CLANG_WARN_SUSPICIOUS_MOVE = YES;
				CLANG_WARN_UNGUARDED_AVAILABILITY = YES_AGGRESSIVE;
				CLANG_WARN_UNREACHABLE_CODE = YES;
				CLANG_WARN__DUPLICATE_METHOD_MATCH = YES;
				COPY_PHASE_STRIP = NO;
				DEBUG_INFORMATION_FORMAT = dwarf;
				ENABLE_STRICT_OBJC_MSGSEND = YES;
				ENABLE_TESTABILITY = YES;
				GCC_C_LANGUAGE_STANDARD = gnu11;
				GCC_DYNAMIC_NO_PIC = NO;
				GCC_NO_COMMON_BLOCKS = YES;
				GCC_OPTIMIZATION_LEVEL = 0;
				GCC_PREPROCESSOR_DEFINITIONS = (
					"DEBUG=1",
					"$(inherited)",
				);
				GCC_WARN_64_TO_32_BIT_CONVERSION = YES;
				GCC_WARN_ABOUT_RETURN_TYPE = YES_ERROR;
				GCC_WARN_UNDECLARED_SELECTOR = YES;
				GCC_WARN_UNINITIALIZED_AUTOS = YES_AGGRESSIVE;
				GCC_WARN_UNUSED_FUNCTION = YES;
				GCC_WARN_UNUSED_VARIABLE = YES;
				IPHONEOS_DEPLOYMENT_TARGET = 13.2;
				MTL_ENABLE_DEBUG_INFO = INCLUDE_SOURCE;
				MTL_FAST_MATH = YES;
				ONLY_ACTIVE_ARCH = YES;
				SDKROOT = iphoneos;
				SWIFT_ACTIVE_COMPILATION_CONDITIONS = DEBUG;
				SWIFT_OPTIMIZATION_LEVEL = "-Onone";
			};
			name = Debug;
		};
		6470E7CE2427CE6A009A6AAC /* Release */ = {
			isa = XCBuildConfiguration;
			buildSettings = {
				ALWAYS_SEARCH_USER_PATHS = NO;
				CLANG_ANALYZER_NONNULL = YES;
				CLANG_ANALYZER_NUMBER_OBJECT_CONVERSION = YES_AGGRESSIVE;
				CLANG_CXX_LANGUAGE_STANDARD = "gnu++14";
				CLANG_CXX_LIBRARY = "libc++";
				CLANG_ENABLE_MODULES = YES;
				CLANG_ENABLE_OBJC_ARC = YES;
				CLANG_ENABLE_OBJC_WEAK = YES;
				CLANG_WARN_BLOCK_CAPTURE_AUTORELEASING = YES;
				CLANG_WARN_BOOL_CONVERSION = YES;
				CLANG_WARN_COMMA = YES;
				CLANG_WARN_CONSTANT_CONVERSION = YES;
				CLANG_WARN_DEPRECATED_OBJC_IMPLEMENTATIONS = YES;
				CLANG_WARN_DIRECT_OBJC_ISA_USAGE = YES_ERROR;
				CLANG_WARN_DOCUMENTATION_COMMENTS = YES;
				CLANG_WARN_EMPTY_BODY = YES;
				CLANG_WARN_ENUM_CONVERSION = YES;
				CLANG_WARN_INFINITE_RECURSION = YES;
				CLANG_WARN_INT_CONVERSION = YES;
				CLANG_WARN_NON_LITERAL_NULL_CONVERSION = YES;
				CLANG_WARN_OBJC_IMPLICIT_RETAIN_SELF = YES;
				CLANG_WARN_OBJC_LITERAL_CONVERSION = YES;
				CLANG_WARN_OBJC_ROOT_CLASS = YES_ERROR;
				CLANG_WARN_RANGE_LOOP_ANALYSIS = YES;
				CLANG_WARN_STRICT_PROTOTYPES = YES;
				CLANG_WARN_SUSPICIOUS_MOVE = YES;
				CLANG_WARN_UNGUARDED_AVAILABILITY = YES_AGGRESSIVE;
				CLANG_WARN_UNREACHABLE_CODE = YES;
				CLANG_WARN__DUPLICATE_METHOD_MATCH = YES;
				COPY_PHASE_STRIP = NO;
				DEBUG_INFORMATION_FORMAT = "dwarf-with-dsym";
				ENABLE_NS_ASSERTIONS = NO;
				ENABLE_STRICT_OBJC_MSGSEND = YES;
				GCC_C_LANGUAGE_STANDARD = gnu11;
				GCC_NO_COMMON_BLOCKS = YES;
				GCC_WARN_64_TO_32_BIT_CONVERSION = YES;
				GCC_WARN_ABOUT_RETURN_TYPE = YES_ERROR;
				GCC_WARN_UNDECLARED_SELECTOR = YES;
				GCC_WARN_UNINITIALIZED_AUTOS = YES_AGGRESSIVE;
				GCC_WARN_UNUSED_FUNCTION = YES;
				GCC_WARN_UNUSED_VARIABLE = YES;
				IPHONEOS_DEPLOYMENT_TARGET = 13.2;
				MTL_ENABLE_DEBUG_INFO = NO;
				MTL_FAST_MATH = YES;
				SDKROOT = iphoneos;
				SWIFT_COMPILATION_MODE = wholemodule;
				SWIFT_OPTIMIZATION_LEVEL = "-O";
				VALIDATE_PRODUCT = YES;
			};
			name = Release;
		};
		6470E7D02427CE6A009A6AAC /* Debug */ = {
			isa = XCBuildConfiguration;
			buildSettings = {
				ASSETCATALOG_COMPILER_APPICON_NAME = AppIcon;
				CODE_SIGN_STYLE = Automatic;
				DEVELOPMENT_TEAM = CH829V2QQB;
				INFOPLIST_FILE = OSMSurveyor/Info.plist;
				LD_RUNPATH_SEARCH_PATHS = (
					"$(inherited)",
					"@executable_path/Frameworks",
				);
				PRODUCT_BUNDLE_IDENTIFIER = de.wtimme.OSMSurveyor;
				PRODUCT_NAME = "$(TARGET_NAME)";
				SWIFT_VERSION = 5.0;
				TARGETED_DEVICE_FAMILY = "1,2";
			};
			name = Debug;
		};
		6470E7D12427CE6A009A6AAC /* Release */ = {
			isa = XCBuildConfiguration;
			buildSettings = {
				ASSETCATALOG_COMPILER_APPICON_NAME = AppIcon;
				CODE_SIGN_STYLE = Automatic;
				DEVELOPMENT_TEAM = CH829V2QQB;
				INFOPLIST_FILE = OSMSurveyor/Info.plist;
				LD_RUNPATH_SEARCH_PATHS = (
					"$(inherited)",
					"@executable_path/Frameworks",
				);
				PRODUCT_BUNDLE_IDENTIFIER = de.wtimme.OSMSurveyor;
				PRODUCT_NAME = "$(TARGET_NAME)";
				SWIFT_VERSION = 5.0;
				TARGETED_DEVICE_FAMILY = "1,2";
			};
			name = Release;
		};
		6470E7D32427CE6A009A6AAC /* Debug */ = {
			isa = XCBuildConfiguration;
			buildSettings = {
				ALWAYS_EMBED_SWIFT_STANDARD_LIBRARIES = YES;
				BUNDLE_LOADER = "$(TEST_HOST)";
				CODE_SIGN_STYLE = Automatic;
				DEVELOPMENT_TEAM = CH829V2QQB;
				INFOPLIST_FILE = OSMSurveyorTests/Info.plist;
				IPHONEOS_DEPLOYMENT_TARGET = 13.2;
				LD_RUNPATH_SEARCH_PATHS = (
					"$(inherited)",
					"@executable_path/Frameworks",
					"@loader_path/Frameworks",
				);
				PRODUCT_BUNDLE_IDENTIFIER = de.wtimme.OSMSurveyorTests;
				PRODUCT_NAME = "$(TARGET_NAME)";
				SWIFT_VERSION = 5.0;
				TARGETED_DEVICE_FAMILY = "1,2";
				TEST_HOST = "$(BUILT_PRODUCTS_DIR)/OSMSurveyor.app/OSMSurveyor";
			};
			name = Debug;
		};
		6470E7D42427CE6A009A6AAC /* Release */ = {
			isa = XCBuildConfiguration;
			buildSettings = {
				ALWAYS_EMBED_SWIFT_STANDARD_LIBRARIES = YES;
				BUNDLE_LOADER = "$(TEST_HOST)";
				CODE_SIGN_STYLE = Automatic;
				DEVELOPMENT_TEAM = CH829V2QQB;
				INFOPLIST_FILE = OSMSurveyorTests/Info.plist;
				IPHONEOS_DEPLOYMENT_TARGET = 13.2;
				LD_RUNPATH_SEARCH_PATHS = (
					"$(inherited)",
					"@executable_path/Frameworks",
					"@loader_path/Frameworks",
				);
				PRODUCT_BUNDLE_IDENTIFIER = de.wtimme.OSMSurveyorTests;
				PRODUCT_NAME = "$(TARGET_NAME)";
				SWIFT_VERSION = 5.0;
				TARGETED_DEVICE_FAMILY = "1,2";
				TEST_HOST = "$(BUILT_PRODUCTS_DIR)/OSMSurveyor.app/OSMSurveyor";
			};
			name = Release;
		};
/* End XCBuildConfiguration section */

/* Begin XCConfigurationList section */
		6470E7AB2427CE69009A6AAC /* Build configuration list for PBXProject "OSMSurveyor" */ = {
			isa = XCConfigurationList;
			buildConfigurations = (
				6470E7CD2427CE6A009A6AAC /* Debug */,
				6470E7CE2427CE6A009A6AAC /* Release */,
			);
			defaultConfigurationIsVisible = 0;
			defaultConfigurationName = Release;
		};
		6470E7CF2427CE6A009A6AAC /* Build configuration list for PBXNativeTarget "OSMSurveyor" */ = {
			isa = XCConfigurationList;
			buildConfigurations = (
				6470E7D02427CE6A009A6AAC /* Debug */,
				6470E7D12427CE6A009A6AAC /* Release */,
			);
			defaultConfigurationIsVisible = 0;
			defaultConfigurationName = Release;
		};
		6470E7D22427CE6A009A6AAC /* Build configuration list for PBXNativeTarget "OSMSurveyorTests" */ = {
			isa = XCConfigurationList;
			buildConfigurations = (
				6470E7D32427CE6A009A6AAC /* Debug */,
				6470E7D42427CE6A009A6AAC /* Release */,
			);
			defaultConfigurationIsVisible = 0;
			defaultConfigurationName = Release;
		};
/* End XCConfigurationList section */
	};
	rootObject = 6470E7A82427CE69009A6AAC /* Project object */;
}
